// !$*UTF8*$!
{
	archiveVersion = 1;
	classes = {
	};
	objectVersion = 50;
	objects = {

/* Begin PBXBuildFile section */
		D8853CA5270C3A4E00EA3813 /* AppDelegate.swift in Sources */ = {isa = PBXBuildFile; fileRef = D8853CA4270C3A4E00EA3813 /* AppDelegate.swift */; };
		D8853CA7270C3A4E00EA3813 /* SceneDelegate.swift in Sources */ = {isa = PBXBuildFile; fileRef = D8853CA6270C3A4E00EA3813 /* SceneDelegate.swift */; };
		D8853CA9270C3A4E00EA3813 /* ViewController.swift in Sources */ = {isa = PBXBuildFile; fileRef = D8853CA8270C3A4E00EA3813 /* ViewController.swift */; };
		D8853CAC270C3A4E00EA3813 /* Main.storyboard in Resources */ = {isa = PBXBuildFile; fileRef = D8853CAA270C3A4E00EA3813 /* Main.storyboard */; };
		D8853CAE270C3A5200EA3813 /* Assets.xcassets in Resources */ = {isa = PBXBuildFile; fileRef = D8853CAD270C3A5200EA3813 /* Assets.xcassets */; };
		D8853CB1270C3A5200EA3813 /* LaunchScreen.storyboard in Resources */ = {isa = PBXBuildFile; fileRef = D8853CAF270C3A5200EA3813 /* LaunchScreen.storyboard */; };
/* End PBXBuildFile section */

/* Begin PBXFileReference section */
		D8853CA1270C3A4E00EA3813 /* Itunes_testTask_youTube.app */ = {isa = PBXFileReference; explicitFileType = wrapper.application; includeInIndex = 0; path = Itunes_testTask_youTube.app; sourceTree = BUILT_PRODUCTS_DIR; };
		D8853CA4270C3A4E00EA3813 /* AppDelegate.swift */ = {isa = PBXFileReference; lastKnownFileType = sourcecode.swift; path = AppDelegate.swift; sourceTree = "<group>"; };
		D8853CA6270C3A4E00EA3813 /* SceneDelegate.swift */ = {isa = PBXFileReference; lastKnownFileType = sourcecode.swift; path = SceneDelegate.swift; sourceTree = "<group>"; };
		D8853CA8270C3A4E00EA3813 /* ViewController.swift */ = {isa = PBXFileReference; lastKnownFileType = sourcecode.swift; path = ViewController.swift; sourceTree = "<group>"; };
		D8853CAB270C3A4E00EA3813 /* Base */ = {isa = PBXFileReference; lastKnownFileType = file.storyboard; name = Base; path = Base.lproj/Main.storyboard; sourceTree = "<group>"; };
		D8853CAD270C3A5200EA3813 /* Assets.xcassets */ = {isa = PBXFileReference; lastKnownFileType = folder.assetcatalog; path = Assets.xcassets; sourceTree = "<group>"; };
		D8853CB0270C3A5200EA3813 /* Base */ = {isa = PBXFileReference; lastKnownFileType = file.storyboard; name = Base; path = Base.lproj/LaunchScreen.storyboard; sourceTree = "<group>"; };
		D8853CB2270C3A5200EA3813 /* Info.plist */ = {isa = PBXFileReference; lastKnownFileType = text.plist.xml; path = Info.plist; sourceTree = "<group>"; };
/* End PBXFileReference section */

/* Begin PBXFrameworksBuildPhase section */
		D8853C9E270C3A4E00EA3813 /* Frameworks */ = {
			isa = PBXFrameworksBuildPhase;
			buildActionMask = 2147483647;
			files = (
			);
			runOnlyForDeploymentPostprocessing = 0;
		};
/* End PBXFrameworksBuildPhase section */

/* Begin PBXGroup section */
		D8853C98270C3A4E00EA3813 = {
			isa = PBXGroup;
			children = (
				D8853CA3270C3A4E00EA3813 /* Itunes_testTask_youTube */,
				D8853CA2270C3A4E00EA3813 /* Products */,
			);
			sourceTree = "<group>";
		};
		D8853CA2270C3A4E00EA3813 /* Products */ = {
			isa = PBXGroup;
			children = (
				D8853CA1270C3A4E00EA3813 /* Itunes_testTask_youTube.app */,
			);
			name = Products;
			sourceTree = "<group>";
		};
		D8853CA3270C3A4E00EA3813 /* Itunes_testTask_youTube */ = {
			isa = PBXGroup;
			children = (
				D8853CA4270C3A4E00EA3813 /* AppDelegate.swift */,
				D8853CA6270C3A4E00EA3813 /* SceneDelegate.swift */,
				D8853CA8270C3A4E00EA3813 /* ViewController.swift */,
				D8853CAA270C3A4E00EA3813 /* Main.storyboard */,
				D8853CAD270C3A5200EA3813 /* Assets.xcassets */,
				D8853CAF270C3A5200EA3813 /* LaunchScreen.storyboard */,
				D8853CB2270C3A5200EA3813 /* Info.plist */,
			);
			path = Itunes_testTask_youTube;
			sourceTree = "<group>";
		};
/* End PBXGroup section */

/* Begin PBXNativeTarget section */
		D8853CA0270C3A4E00EA3813 /* Itunes_testTask_youTube */ = {
			isa = PBXNativeTarget;
			buildConfigurationList = D8853CB5270C3A5200EA3813 /* Build configuration list for PBXNativeTarget "Itunes_testTask_youTube" */;
			buildPhases = (
				D8853C9D270C3A4E00EA3813 /* Sources */,
				D8853C9E270C3A4E00EA3813 /* Frameworks */,
				D8853C9F270C3A4E00EA3813 /* Resources */,
			);
			buildRules = (
			);
			dependencies = (
			);
			name = Itunes_testTask_youTube;
			productName = Itunes_testTask_youTube;
			productReference = D8853CA1270C3A4E00EA3813 /* Itunes_testTask_youTube.app */;
			productType = "com.apple.product-type.application";
		};
/* End PBXNativeTarget section */

/* Begin PBXProject section */
		D8853C99270C3A4E00EA3813 /* Project object */ = {
			isa = PBXProject;
			attributes = {
				LastSwiftUpdateCheck = 1250;
				LastUpgradeCheck = 1250;
				TargetAttributes = {
					D8853CA0270C3A4E00EA3813 = {
						CreatedOnToolsVersion = 12.5.1;
					};
				};
			};
			buildConfigurationList = D8853C9C270C3A4E00EA3813 /* Build configuration list for PBXProject "Itunes_testTask_youTube" */;
			compatibilityVersion = "Xcode 9.3";
			developmentRegion = en;
			hasScannedForEncodings = 0;
			knownRegions = (
				en,
				Base,
			);
			mainGroup = D8853C98270C3A4E00EA3813;
			productRefGroup = D8853CA2270C3A4E00EA3813 /* Products */;
			projectDirPath = "";
			projectRoot = "";
			targets = (
				D8853CA0270C3A4E00EA3813 /* Itunes_testTask_youTube */,
			);
		};
/* End PBXProject section */

/* Begin PBXResourcesBuildPhase section */
		D8853C9F270C3A4E00EA3813 /* Resources */ = {
			isa = PBXResourcesBuildPhase;
			buildActionMask = 2147483647;
			files = (
				D8853CB1270C3A5200EA3813 /* LaunchScreen.storyboard in Resources */,
				D8853CAE270C3A5200EA3813 /* Assets.xcassets in Resources */,
				D8853CAC270C3A4E00EA3813 /* Main.storyboard in Resources */,
			);
			runOnlyForDeploymentPostprocessing = 0;
		};
/* End PBXResourcesBuildPhase section */

/* Begin PBXSourcesBuildPhase section */
		D8853C9D270C3A4E00EA3813 /* Sources */ = {
			isa = PBXSourcesBuildPhase;
			buildActionMask = 2147483647;
			files = (
				D8853CA9270C3A4E00EA3813 /* ViewController.swift in Sources */,
				D8853CA5270C3A4E00EA3813 /* AppDelegate.swift in Sources */,
				D8853CA7270C3A4E00EA3813 /* SceneDelegate.swift in Sources */,
			);
			runOnlyForDeploymentPostprocessing = 0;
		};
/* End PBXSourcesBuildPhase section */

/* Begin PBXVariantGroup section */
		D8853CAA270C3A4E00EA3813 /* Main.storyboard */ = {
			isa = PBXVariantGroup;
			children = (
				D8853CAB270C3A4E00EA3813 /* Base */,
			);
			name = Main.storyboard;
			sourceTree = "<group>";
		};
		D8853CAF270C3A5200EA3813 /* LaunchScreen.storyboard */ = {
			isa = PBXVariantGroup;
			children = (
				D8853CB0270C3A5200EA3813 /* Base */,
			);
			name = LaunchScreen.storyboard;
			sourceTree = "<group>";
		};
/* End PBXVariantGroup section */

/* Begin XCBuildConfiguration section */
		D8853CB3270C3A5200EA3813 /* Debug */ = {
			isa = XCBuildConfiguration;
			buildSettings = {
				ALWAYS_SEARCH_USER_PATHS = NO;
				CLANG_ANALYZER_NONNULL = YES;
				CLANG_ANALYZER_NUMBER_OBJECT_CONVERSION = YES_AGGRESSIVE;
				CLANG_CXX_LANGUAGE_STANDARD = "gnu++14";
				CLANG_CXX_LIBRARY = "libc++";
				CLANG_ENABLE_MODULES = YES;
				CLANG_ENABLE_OBJC_ARC = YES;
				CLANG_ENABLE_OBJC_WEAK = YES;
				CLANG_WARN_BLOCK_CAPTURE_AUTORELEASING = YES;
				CLANG_WARN_BOOL_CONVERSION = YES;
				CLANG_WARN_COMMA = YES;
				CLANG_WARN_CONSTANT_CONVERSION = YES;
				CLANG_WARN_DEPRECATED_OBJC_IMPLEMENTATIONS = YES;
				CLANG_WARN_DIRECT_OBJC_ISA_USAGE = YES_ERROR;
				CLANG_WARN_DOCUMENTATION_COMMENTS = YES;
				CLANG_WARN_EMPTY_BODY = YES;
				CLANG_WARN_ENUM_CONVERSION = YES;
				CLANG_WARN_INFINITE_RECURSION = YES;
				CLANG_WARN_INT_CONVERSION = YES;
				CLANG_WARN_NON_LITERAL_NULL_CONVERSION = YES;
				CLANG_WARN_OBJC_IMPLICIT_RETAIN_SELF = YES;
				CLANG_WARN_OBJC_LITERAL_CONVERSION = YES;
				CLANG_WARN_OBJC_ROOT_CLASS = YES_ERROR;
				CLANG_WARN_QUOTED_INCLUDE_IN_FRAMEWORK_HEADER = YES;
				CLANG_WARN_RANGE_LOOP_ANALYSIS = YES;
				CLANG_WARN_STRICT_PROTOTYPES = YES;
				CLANG_WARN_SUSPICIOUS_MOVE = YES;
				CLANG_WARN_UNGUARDED_AVAILABILITY = YES_AGGRESSIVE;
				CLANG_WARN_UNREACHABLE_CODE = YES;
				CLANG_WARN__DUPLICATE_METHOD_MATCH = YES;
				COPY_PHASE_STRIP = NO;
				DEBUG_INFORMATION_FORMAT = dwarf;
				ENABLE_STRICT_OBJC_MSGSEND = YES;
				ENABLE_TESTABILITY = YES;
				GCC_C_LANGUAGE_STANDARD = gnu11;
				GCC_DYNAMIC_NO_PIC = NO;
				GCC_NO_COMMON_BLOCKS = YES;
				GCC_OPTIMIZATION_LEVEL = 0;
				GCC_PREPROCESSOR_DEFINITIONS = (
					"DEBUG=1",
					"$(inherited)",
				);
				GCC_WARN_64_TO_32_BIT_CONVERSION = YES;
				GCC_WARN_ABOUT_RETURN_TYPE = YES_ERROR;
				GCC_WARN_UNDECLARED_SELECTOR = YES;
				GCC_WARN_UNINITIALIZED_AUTOS = YES_AGGRESSIVE;
				GCC_WARN_UNUSED_FUNCTION = YES;
				GCC_WARN_UNUSED_VARIABLE = YES;
				IPHONEOS_DEPLOYMENT_TARGET = 14.5;
				MTL_ENABLE_DEBUG_INFO = INCLUDE_SOURCE;
				MTL_FAST_MATH = YES;
				ONLY_ACTIVE_ARCH = YES;
				SDKROOT = iphoneos;
				SWIFT_ACTIVE_COMPILATION_CONDITIONS = DEBUG;
				SWIFT_OPTIMIZATION_LEVEL = "-Onone";
			};
			name = Debug;
		};
		D8853CB4270C3A5200EA3813 /* Release */ = {
			isa = XCBuildConfiguration;
			buildSettings = {
				ALWAYS_SEARCH_USER_PATHS = NO;
				CLANG_ANALYZER_NONNULL = YES;
				CLANG_ANALYZER_NUMBER_OBJECT_CONVERSION = YES_AGGRESSIVE;
				CLANG_CXX_LANGUAGE_STANDARD = "gnu++14";
				CLANG_CXX_LIBRARY = "libc++";
				CLANG_ENABLE_MODULES = YES;
				CLANG_ENABLE_OBJC_ARC = YES;
				CLANG_ENABLE_OBJC_WEAK = YES;
				CLANG_WARN_BLOCK_CAPTURE_AUTORELEASING = YES;
				CLANG_WARN_BOOL_CONVERSION = YES;
				CLANG_WARN_COMMA = YES;
				CLANG_WARN_CONSTANT_CONVERSION = YES;
				CLANG_WARN_DEPRECATED_OBJC_IMPLEMENTATIONS = YES;
				CLANG_WARN_DIRECT_OBJC_ISA_USAGE = YES_ERROR;
				CLANG_WARN_DOCUMENTATION_COMMENTS = YES;
				CLANG_WARN_EMPTY_BODY = YES;
				CLANG_WARN_ENUM_CONVERSION = YES;
				CLANG_WARN_INFINITE_RECURSION = YES;
				CLANG_WARN_INT_CONVERSION = YES;
				CLANG_WARN_NON_LITERAL_NULL_CONVERSION = YES;
				CLANG_WARN_OBJC_IMPLICIT_RETAIN_SELF = YES;
				CLANG_WARN_OBJC_LITERAL_CONVERSION = YES;
				CLANG_WARN_OBJC_ROOT_CLASS = YES_ERROR;
				CLANG_WARN_QUOTED_INCLUDE_IN_FRAMEWORK_HEADER = YES;
				CLANG_WARN_RANGE_LOOP_ANALYSIS = YES;
				CLANG_WARN_STRICT_PROTOTYPES = YES;
				CLANG_WARN_SUSPICIOUS_MOVE = YES;
				CLANG_WARN_UNGUARDED_AVAILABILITY = YES_AGGRESSIVE;
				CLANG_WARN_UNREACHABLE_CODE = YES;
				CLANG_WARN__DUPLICATE_METHOD_MATCH = YES;
				COPY_PHASE_STRIP = NO;
				DEBUG_INFORMATION_FORMAT = "dwarf-with-dsym";
				ENABLE_NS_ASSERTIONS = NO;
				ENABLE_STRICT_OBJC_MSGSEND = YES;
				GCC_C_LANGUAGE_STANDARD = gnu11;
				GCC_NO_COMMON_BLOCKS = YES;
				GCC_WARN_64_TO_32_BIT_CONVERSION = YES;
				GCC_WARN_ABOUT_RETURN_TYPE = YES_ERROR;
				GCC_WARN_UNDECLARED_SELECTOR = YES;
				GCC_WARN_UNINITIALIZED_AUTOS = YES_AGGRESSIVE;
				GCC_WARN_UNUSED_FUNCTION = YES;
				GCC_WARN_UNUSED_VARIABLE = YES;
				IPHONEOS_DEPLOYMENT_TARGET = 14.5;
				MTL_ENABLE_DEBUG_INFO = NO;
				MTL_FAST_MATH = YES;
				SDKROOT = iphoneos;
				SWIFT_COMPILATION_MODE = wholemodule;
				SWIFT_OPTIMIZATION_LEVEL = "-O";
				VALIDATE_PRODUCT = YES;
			};
			name = Release;
		};
		D8853CB6270C3A5200EA3813 /* Debug */ = {
			isa = XCBuildConfiguration;
			buildSettings = {
				ASSETCATALOG_COMPILER_APPICON_NAME = AppIcon;
				ASSETCATALOG_COMPILER_GLOBAL_ACCENT_COLOR_NAME = AccentColor;
				CODE_SIGN_STYLE = Automatic;
				DEVELOPMENT_TEAM = 9J35TQ48R5;
				INFOPLIST_FILE = Itunes_testTask_youTube/Info.plist;
				LD_RUNPATH_SEARCH_PATHS = (
					"$(inherited)",
					"@executable_path/Frameworks",
				);
				PRODUCT_BUNDLE_IDENTIFIER = "ya.skazal.gorbatiy.Itunes-testTask-youTube";
				PRODUCT_NAME = "$(TARGET_NAME)";
				SWIFT_VERSION = 5.0;
				TARGETED_DEVICE_FAMILY = "1,2";
			};
			name = Debug;
		};
		D8853CB7270C3A5200EA3813 /* Release */ = {
			isa = XCBuildConfiguration;
			buildSettings = {
				ASSETCATALOG_COMPILER_APPICON_NAME = AppIcon;
				ASSETCATALOG_COMPILER_GLOBAL_ACCENT_COLOR_NAME = AccentColor;
				CODE_SIGN_STYLE = Automatic;
				DEVELOPMENT_TEAM = 9J35TQ48R5;
				INFOPLIST_FILE = Itunes_testTask_youTube/Info.plist;
				LD_RUNPATH_SEARCH_PATHS = (
					"$(inherited)",
					"@executable_path/Frameworks",
				);
				PRODUCT_BUNDLE_IDENTIFIER = "ya.skazal.gorbatiy.Itunes-testTask-youTube";
				PRODUCT_NAME = "$(TARGET_NAME)";
				SWIFT_VERSION = 5.0;
				TARGETED_DEVICE_FAMILY = "1,2";
			};
			name = Release;
		};
/* End XCBuildConfiguration section */

/* Begin XCConfigurationList section */
		D8853C9C270C3A4E00EA3813 /* Build configuration list for PBXProject "Itunes_testTask_youTube" */ = {
			isa = XCConfigurationList;
			buildConfigurations = (
				D8853CB3270C3A5200EA3813 /* Debug */,
				D8853CB4270C3A5200EA3813 /* Release */,
			);
			defaultConfigurationIsVisible = 0;
			defaultConfigurationName = Release;
		};
		D8853CB5270C3A5200EA3813 /* Build configuration list for PBXNativeTarget "Itunes_testTask_youTube" */ = {
			isa = XCConfigurationList;
			buildConfigurations = (
				D8853CB6270C3A5200EA3813 /* Debug */,
				D8853CB7270C3A5200EA3813 /* Release */,
			);
			defaultConfigurationIsVisible = 0;
			defaultConfigurationName = Release;
		};
/* End XCConfigurationList section */
	};
	rootObject = D8853C99270C3A4E00EA3813 /* Project object */;
}
